
Microsoft Visual Studio Solution File, Format Version 12.00
# Visual Studio Version 17
VisualStudioVersion = 17.0.31903.59
MinimumVisualStudioVersion = 10.0.40219.1
Project("{2150E333-8FDC-42A3-9474-1A3956D46DE8}") = "src", "src", "{827E0CD3-B72D-47B6-A68D-7590B98EB39B}"
EndProject
Project("{FAE04EC0-301F-11D3-BF4B-00C04F79EFBC}") = "HowardLab.EbayCrm.AppHost.Protocol", "src\HowardLab.EbayCrm.AppHost.Protocol\HowardLab.EbayCrm.AppHost.Protocol.csproj", "{1FC5AD0B-759D-44FB-9DF3-2BC9BC4BFDF9}"
EndProject
Project("{FAE04EC0-301F-11D3-BF4B-00C04F79EFBC}") = "HowardLab.EbayCrm.AppHost.Core", "src\HowardLab.EbayCrm.AppHost.Core\HowardLab.EbayCrm.AppHost.Core.csproj", "{9300B7B1-8B5F-4E1B-89AD-9CC9F1E0F257}"
EndProject
Project("{FAE04EC0-301F-11D3-BF4B-00C04F79EFBC}") = "HowardLab.EbayCrm.AppHost.Windows", "src\HowardLab.EbayCrm.AppHost.Windows\HowardLab.EbayCrm.AppHost.Windows.csproj", "{28A4C585-204A-4245-BBAA-A01409368481}"
EndProject
Project("{FAE04EC0-301F-11D3-BF4B-00C04F79EFBC}") = "HowardLab.EbayCrm.AppHost", "src\HowardLab.EbayCrm.AppHost\HowardLab.EbayCrm.AppHost.csproj", "{72531AD5-CDA9-44D2-A71A-54731F9CB5FC}"
EndProject
Project("{FAE04EC0-301F-11D3-BF4B-00C04F79EFBC}") = "HowardLab.EbayCrm.AppHost.Fixture", "src\HowardLab.EbayCrm.AppHost.Fixture\HowardLab.EbayCrm.AppHost.Fixture.csproj", "{CE03CF88-94E1-4AAF-B0DE-4E99216D66CF}"
EndProject
Project("{2150E333-8FDC-42A3-9474-1A3956D46DE8}") = "tests", "tests", "{0AB3BF05-4346-4AA6-1389-037BE0695223}"
EndProject
Project("{FAE04EC0-301F-11D3-BF4B-00C04F79EFBC}") = "HowardLab.EbayCrm.AppHost.Core.Tests", "tests\HowardLab.EbayCrm.AppHost.Core.Tests\HowardLab.EbayCrm.AppHost.Core.Tests.csproj", "{585177EE-A155-4B3A-A748-BF349D928D81}"
EndProject
Project("{FAE04EC0-301F-11D3-BF4B-00C04F79EFBC}") = "HowardLab.EbayCrm.AppHost.Windows.Tests", "tests\HowardLab.EbayCrm.AppHost.Windows.Tests\HowardLab.EbayCrm.AppHost.Windows.Tests.csproj", "{93DB4793-229A-4EB5-8D23-70BBB5781B7F}"
EndProject
Project("{FAE04EC0-301F-11D3-BF4B-00C04F79EFBC}") = "HowardLab.EbayCrm.AppHost.Integration.Tests", "tests\HowardLab.EbayCrm.AppHost.Integration.Tests\HowardLab.EbayCrm.AppHost.Integration.Tests.csproj", "{6263A5EB-359C-45F7-8A32-A25F7C61CF4F}"
EndProject
Project("{FAE04EC0-301F-11D3-BF4B-00C04F79EFBC}") = "HowardLab.EbayCrm.AppHost.AcceptanceBroker", "tests\HowardLab.EbayCrm.AppHost.AcceptanceBroker\HowardLab.EbayCrm.AppHost.AcceptanceBroker.csproj", "{9B55D47F-29E6-40F0-BEF4-F8EC5665435C}"
EndProject
Global
	GlobalSection(SolutionConfigurationPlatforms) = preSolution
		Debug|Any CPU = Debug|Any CPU
		Debug|x64 = Debug|x64
		Debug|x86 = Debug|x86
		Release|Any CPU = Release|Any CPU
		Release|x64 = Release|x64
		Release|x86 = Release|x86
	EndGlobalSection
	GlobalSection(ProjectConfigurationPlatforms) = postSolution
		{1FC5AD0B-759D-44FB-9DF3-2BC9BC4BFDF9}.Debug|Any CPU.ActiveCfg = Debug|Any CPU
		{1FC5AD0B-759D-44FB-9DF3-2BC9BC4BFDF9}.Debug|Any CPU.Build.0 = Debug|Any CPU
		{1FC5AD0B-759D-44FB-9DF3-2BC9BC4BFDF9}.Debug|x64.ActiveCfg = Debug|Any CPU
		{1FC5AD0B-759D-44FB-9DF3-2BC9BC4BFDF9}.Debug|x64.Build.0 = Debug|Any CPU
		{1FC5AD0B-759D-44FB-9DF3-2BC9BC4BFDF9}.Debug|x86.ActiveCfg = Debug|Any CPU
		{1FC5AD0B-759D-44FB-9DF3-2BC9BC4BFDF9}.Debug|x86.Build.0 = Debug|Any CPU
		{1FC5AD0B-759D-44FB-9DF3-2BC9BC4BFDF9}.Release|Any CPU.ActiveCfg = Release|Any CPU
		{1FC5AD0B-759D-44FB-9DF3-2BC9BC4BFDF9}.Release|Any CPU.Build.0 = Release|Any CPU
		{1FC5AD0B-759D-44FB-9DF3-2BC9BC4BFDF9}.Release|x64.ActiveCfg = Release|Any CPU
		{1FC5AD0B-759D-44FB-9DF3-2BC9BC4BFDF9}.Release|x64.Build.0 = Release|Any CPU
		{1FC5AD0B-759D-44FB-9DF3-2BC9BC4BFDF9}.Release|x86.ActiveCfg = Release|Any CPU
		{1FC5AD0B-759D-44FB-9DF3-2BC9BC4BFDF9}.Release|x86.Build.0 = Release|Any CPU
		{9300B7B1-8B5F-4E1B-89AD-9CC9F1E0F257}.Debug|Any CPU.ActiveCfg = Debug|Any CPU
		{9300B7B1-8B5F-4E1B-89AD-9CC9F1E0F257}.Debug|Any CPU.Build.0 = Debug|Any CPU
		{9300B7B1-8B5F-4E1B-89AD-9CC9F1E0F257}.Debug|x64.ActiveCfg = Debug|Any CPU
		{9300B7B1-8B5F-4E1B-89AD-9CC9F1E0F257}.Debug|x64.Build.0 = Debug|Any CPU
		{9300B7B1-8B5F-4E1B-89AD-9CC9F1E0F257}.Debug|x86.ActiveCfg = Debug|Any CPU
		{9300B7B1-8B5F-4E1B-89AD-9CC9F1E0F257}.Debug|x86.Build.0 = Debug|Any CPU
		{9300B7B1-8B5F-4E1B-89AD-9CC9F1E0F257}.Release|Any CPU.ActiveCfg = Release|Any CPU
		{9300B7B1-8B5F-4E1B-89AD-9CC9F1E0F257}.Release|Any CPU.Build.0 = Release|Any CPU
		{9300B7B1-8B5F-4E1B-89AD-9CC9F1E0F257}.Release|x64.ActiveCfg = Release|Any CPU
		{9300B7B1-8B5F-4E1B-89AD-9CC9F1E0F257}.Release|x64.Build.0 = Release|Any CPU
		{9300B7B1-8B5F-4E1B-89AD-9CC9F1E0F257}.Release|x86.ActiveCfg = Release|Any CPU
		{9300B7B1-8B5F-4E1B-89AD-9CC9F1E0F257}.Release|x86.Build.0 = Release|Any CPU
		{28A4C585-204A-4245-BBAA-A01409368481}.Debug|Any CPU.ActiveCfg = Debug|Any CPU
		{28A4C585-204A-4245-BBAA-A01409368481}.Debug|Any CPU.Build.0 = Debug|Any CPU
		{28A4C585-204A-4245-BBAA-A01409368481}.Debug|x64.ActiveCfg = Debug|Any CPU
		{28A4C585-204A-4245-BBAA-A01409368481}.Debug|x64.Build.0 = Debug|Any CPU
		{28A4C585-204A-4245-BBAA-A01409368481}.Debug|x86.ActiveCfg = Debug|Any CPU
		{28A4C585-204A-4245-BBAA-A01409368481}.Debug|x86.Build.0 = Debug|Any CPU
		{28A4C585-204A-4245-BBAA-A01409368481}.Release|Any CPU.ActiveCfg = Release|Any CPU
		{28A4C585-204A-4245-BBAA-A01409368481}.Release|Any CPU.Build.0 = Release|Any CPU
		{28A4C585-204A-4245-BBAA-A01409368481}.Release|x64.ActiveCfg = Release|Any CPU
		{28A4C585-204A-4245-BBAA-A01409368481}.Release|x64.Build.0 = Release|Any CPU
		{28A4C585-204A-4245-BBAA-A01409368481}.Release|x86.ActiveCfg = Release|Any CPU
		{28A4C585-204A-4245-BBAA-A01409368481}.Release|x86.Build.0 = Release|Any CPU
		{72531AD5-CDA9-44D2-A71A-54731F9CB5FC}.Debug|Any CPU.ActiveCfg = Debug|Any CPU
		{72531AD5-CDA9-44D2-A71A-54731F9CB5FC}.Debug|Any CPU.Build.0 = Debug|Any CPU
		{72531AD5-CDA9-44D2-A71A-54731F9CB5FC}.Debug|x64.ActiveCfg = Debug|Any CPU
		{72531AD5-CDA9-44D2-A71A-54731F9CB5FC}.Debug|x64.Build.0 = Debug|Any CPU
		{72531AD5-CDA9-44D2-A71A-54731F9CB5FC}.Debug|x86.ActiveCfg = Debug|Any CPU
		{72531AD5-CDA9-44D2-A71A-54731F9CB5FC}.Debug|x86.Build.0 = Debug|Any CPU
		{72531AD5-CDA9-44D2-A71A-54731F9CB5FC}.Release|Any CPU.ActiveCfg = Release|Any CPU
		{72531AD5-CDA9-44D2-A71A-54731F9CB5FC}.Release|Any CPU.Build.0 = Release|Any CPU
		{72531AD5-CDA9-44D2-A71A-54731F9CB5FC}.Release|x64.ActiveCfg = Release|Any CPU
		{72531AD5-CDA9-44D2-A71A-54731F9CB5FC}.Release|x64.Build.0 = Release|Any CPU
		{72531AD5-CDA9-44D2-A71A-54731F9CB5FC}.Release|x86.ActiveCfg = Release|Any CPU
		{72531AD5-CDA9-44D2-A71A-54731F9CB5FC}.Release|x86.Build.0 = Release|Any CPU
		{CE03CF88-94E1-4AAF-B0DE-4E99216D66CF}.Debug|Any CPU.ActiveCfg = Debug|Any CPU
		{CE03CF88-94E1-4AAF-B0DE-4E99216D66CF}.Debug|Any CPU.Build.0 = Debug|Any CPU
		{CE03CF88-94E1-4AAF-B0DE-4E99216D66CF}.Debug|x64.ActiveCfg = Debug|Any CPU
		{CE03CF88-94E1-4AAF-B0DE-4E99216D66CF}.Debug|x64.Build.0 = Debug|Any CPU
		{CE03CF88-94E1-4AAF-B0DE-4E99216D66CF}.Debug|x86.ActiveCfg = Debug|Any CPU
		{CE03CF88-94E1-4AAF-B0DE-4E99216D66CF}.Debug|x86.Build.0 = Debug|Any CPU
		{CE03CF88-94E1-4AAF-B0DE-4E99216D66CF}.Release|Any CPU.ActiveCfg = Release|Any CPU
		{CE03CF88-94E1-4AAF-B0DE-4E99216D66CF}.Release|Any CPU.Build.0 = Release|Any CPU
		{CE03CF88-94E1-4AAF-B0DE-4E99216D66CF}.Release|x64.ActiveCfg = Release|Any CPU
		{CE03CF88-94E1-4AAF-B0DE-4E99216D66CF}.Release|x64.Build.0 = Release|Any CPU
		{CE03CF88-94E1-4AAF-B0DE-4E99216D66CF}.Release|x86.ActiveCfg = Release|Any CPU
		{CE03CF88-94E1-4AAF-B0DE-4E99216D66CF}.Release|x86.Build.0 = Release|Any CPU
		{585177EE-A155-4B3A-A748-BF349D928D81}.Debug|Any CPU.ActiveCfg = Debug|Any CPU
		{585177EE-A155-4B3A-A748-BF349D928D81}.Debug|Any CPU.Build.0 = Debug|Any CPU
		{585177EE-A155-4B3A-A748-BF349D928D81}.Debug|x64.ActiveCfg = Debug|Any CPU
		{585177EE-A155-4B3A-A748-BF349D928D81}.Debug|x64.Build.0 = Debug|Any CPU
		{585177EE-A155-4B3A-A748-BF349D928D81}.Debug|x86.ActiveCfg = Debug|Any CPU
		{585177EE-A155-4B3A-A748-BF349D928D81}.Debug|x86.Build.0 = Debug|Any CPU
		{585177EE-A155-4B3A-A748-BF349D928D81}.Release|Any CPU.ActiveCfg = Release|Any CPU
		{585177EE-A155-4B3A-A748-BF349D928D81}.Release|Any CPU.Build.0 = Release|Any CPU
		{585177EE-A155-4B3A-A748-BF349D928D81}.Release|x64.ActiveCfg = Release|Any CPU
		{585177EE-A155-4B3A-A748-BF349D928D81}.Release|x64.Build.0 = Release|Any CPU
		{585177EE-A155-4B3A-A748-BF349D928D81}.Release|x86.ActiveCfg = Release|Any CPU
		{585177EE-A155-4B3A-A748-BF349D928D81}.Release|x86.Build.0 = Release|Any CPU
		{93DB4793-229A-4EB5-8D23-70BBB5781B7F}.Debug|Any CPU.ActiveCfg = Debug|Any CPU
		{93DB4793-229A-4EB5-8D23-70BBB5781B7F}.Debug|Any CPU.Build.0 = Debug|Any CPU
		{93DB4793-229A-4EB5-8D23-70BBB5781B7F}.Debug|x64.ActiveCfg = Debug|Any CPU
		{93DB4793-229A-4EB5-8D23-70BBB5781B7F}.Debug|x64.Build.0 = Debug|Any CPU
		{93DB4793-229A-4EB5-8D23-70BBB5781B7F}.Debug|x86.ActiveCfg = Debug|Any CPU
		{93DB4793-229A-4EB5-8D23-70BBB5781B7F}.Debug|x86.Build.0 = Debug|Any CPU
		{93DB4793-229A-4EB5-8D23-70BBB5781B7F}.Release|Any CPU.ActiveCfg = Release|Any CPU
		{93DB4793-229A-4EB5-8D23-70BBB5781B7F}.Release|Any CPU.Build.0 = Release|Any CPU
		{93DB4793-229A-4EB5-8D23-70BBB5781B7F}.Release|x64.ActiveCfg = Release|Any CPU
		{93DB4793-229A-4EB5-8D23-70BBB5781B7F}.Release|x64.Build.0 = Release|Any CPU
		{93DB4793-229A-4EB5-8D23-70BBB5781B7F}.Release|x86.ActiveCfg = Release|Any CPU
		{93DB4793-229A-4EB5-8D23-70BBB5781B7F}.Release|x86.Build.0 = Release|Any CPU
		{6263A5EB-359C-45F7-8A32-A25F7C61CF4F}.Debug|Any CPU.ActiveCfg = Debug|Any CPU
		{6263A5EB-359C-45F7-8A32-A25F7C61CF4F}.Debug|Any CPU.Build.0 = Debug|Any CPU
		{6263A5EB-359C-45F7-8A32-A25F7C61CF4F}.Debug|x64.ActiveCfg = Debug|Any CPU
		{6263A5EB-359C-45F7-8A32-A25F7C61CF4F}.Debug|x64.Build.0 = Debug|Any CPU
		{6263A5EB-359C-45F7-8A32-A25F7C61CF4F}.Debug|x86.ActiveCfg = Debug|Any CPU
		{6263A5EB-359C-45F7-8A32-A25F7C61CF4F}.Debug|x86.Build.0 = Debug|Any CPU
		{6263A5EB-359C-45F7-8A32-A25F7C61CF4F}.Release|Any CPU.ActiveCfg = Release|Any CPU
		{6263A5EB-359C-45F7-8A32-A25F7C61CF4F}.Release|Any CPU.Build.0 = Release|Any CPU
		{6263A5EB-359C-45F7-8A32-A25F7C61CF4F}.Release|x64.ActiveCfg = Release|Any CPU
		{6263A5EB-359C-45F7-8A32-A25F7C61CF4F}.Release|x64.Build.0 = Release|Any CPU
		{6263A5EB-359C-45F7-8A32-A25F7C61CF4F}.Release|x86.ActiveCfg = Release|Any CPU
		{6263A5EB-359C-45F7-8A32-A25F7C61CF4F}.Release|x86.Build.0 = Release|Any CPU
		{9B55D47F-29E6-40F0-BEF4-F8EC5665435C}.Debug|Any CPU.ActiveCfg = Debug|Any CPU
		{9B55D47F-29E6-40F0-BEF4-F8EC5665435C}.Debug|Any CPU.Build.0 = Debug|Any CPU
		{9B55D47F-29E6-40F0-BEF4-F8EC5665435C}.Debug|x64.ActiveCfg = Debug|Any CPU
		{9B55D47F-29E6-40F0-BEF4-F8EC5665435C}.Debug|x64.Build.0 = Debug|Any CPU
		{9B55D47F-29E6-40F0-BEF4-F8EC5665435C}.Debug|x86.ActiveCfg = Debug|Any CPU
		{9B55D47F-29E6-40F0-BEF4-F8EC5665435C}.Debug|x86.Build.0 = Debug|Any CPU
		{9B55D47F-29E6-40F0-BEF4-F8EC5665435C}.Release|Any CPU.ActiveCfg = Release|Any CPU
		{9B55D47F-29E6-40F0-BEF4-F8EC5665435C}.Release|Any CPU.Build.0 = Release|Any CPU
		{9B55D47F-29E6-40F0-BEF4-F8EC5665435C}.Release|x64.ActiveCfg = Release|Any CPU
		{9B55D47F-29E6-40F0-BEF4-F8EC5665435C}.Release|x64.Build.0 = Release|Any CPU
		{9B55D47F-29E6-40F0-BEF4-F8EC5665435C}.Release|x86.ActiveCfg = Release|Any CPU
		{9B55D47F-29E6-40F0-BEF4-F8EC5665435C}.Release|x86.Build.0 = Release|Any CPU
	EndGlobalSection
	GlobalSection(SolutionProperties) = preSolution
		HideSolutionNode = FALSE
	EndGlobalSection
	GlobalSection(NestedProjects) = preSolution
		{1FC5AD0B-759D-44FB-9DF3-2BC9BC4BFDF9} = {827E0CD3-B72D-47B6-A68D-7590B98EB39B}
		{9300B7B1-8B5F-4E1B-89AD-9CC9F1E0F257} = {827E0CD3-B72D-47B6-A68D-7590B98EB39B}
		{28A4C585-204A-4245-BBAA-A01409368481} = {827E0CD3-B72D-47B6-A68D-7590B98EB39B}
		{72531AD5-CDA9-44D2-A71A-54731F9CB5FC} = {827E0CD3-B72D-47B6-A68D-7590B98EB39B}
		{CE03CF88-94E1-4AAF-B0DE-4E99216D66CF} = {827E0CD3-B72D-47B6-A68D-7590B98EB39B}
		{585177EE-A155-4B3A-A748-BF349D928D81} = {0AB3BF05-4346-4AA6-1389-037BE0695223}
		{93DB4793-229A-4EB5-8D23-70BBB5781B7F} = {0AB3BF05-4346-4AA6-1389-037BE0695223}
		{6263A5EB-359C-45F7-8A32-A25F7C61CF4F} = {0AB3BF05-4346-4AA6-1389-037BE0695223}
		{9B55D47F-29E6-40F0-BEF4-F8EC5665435C} = {0AB3BF05-4346-4AA6-1389-037BE0695223}
	EndGlobalSection
EndGlobal
